
Microsoft Visual Studio Solution File, Format Version 12.00
# Visual Studio Version 17
VisualStudioVersion = 17.10.35013.160
MinimumVisualStudioVersion = 10.0.40219.1
Project("{FAE04EC0-301F-11D3-BF4B-00C04F79EFBC}") = "ProiectIP", "ProiectIP.csproj", "{73C4D609-3426-410D-80A3-14350112E9BE}"
EndProject
Global
	GlobalSection(SolutionConfigurationPlatforms) = preSolution
		Debug|Any CPU = Debug|Any CPU
		Release|Any CPU = Release|Any CPU
	EndGlobalSection
	GlobalSection(ProjectConfigurationPlatforms) = postSolution
		{73C4D609-3426-410D-80A3-14350112E9BE}.Debug|Any CPU.ActiveCfg = Debug|Any CPU
		{73C4D609-3426-410D-80A3-14350112E9BE}.Debug|Any CPU.Build.0 = Debug|Any CPU
		{73C4D609-3426-410D-80A3-14350112E9BE}.Release|Any CPU.ActiveCfg = Release|Any CPU
		{73C4D609-3426-410D-80A3-14350112E9BE}.Release|Any CPU.Build.0 = Release|Any CPU
	EndGlobalSection
	GlobalSection(SolutionProperties) = preSolution
		HideSolutionNode = FALSE
	EndGlobalSection
	GlobalSection(ExtensibilityGlobals) = postSolution
		SolutionGuid = {1A77824C-3131-41FF-B978-1C24DCC538D2}
	EndGlobalSection
EndGlobal
